// !$*UTF8*$!
{
	archiveVersion = 1;
	classes = {
	};
	objectVersion = 46;
	objects = {

/* Begin PBXBuildFile section */
		6371E2CB1B689F1800C8DBE8 /* AppDelegate.swift in Sources */ = {isa = PBXBuildFile; fileRef = 6371E2CA1B689F1800C8DBE8 /* AppDelegate.swift */; };
		6371E2CE1B689F1800C8DBE8 /* WhatsCooking.xcdatamodeld in Sources */ = {isa = PBXBuildFile; fileRef = 6371E2CC1B689F1800C8DBE8 /* WhatsCooking.xcdatamodeld */; };
		6371E2D01B689F1800C8DBE8 /* ViewController.swift in Sources */ = {isa = PBXBuildFile; fileRef = 6371E2CF1B689F1800C8DBE8 /* ViewController.swift */; };
		6371E2D31B689F1800C8DBE8 /* Main.storyboard in Resources */ = {isa = PBXBuildFile; fileRef = 6371E2D11B689F1800C8DBE8 /* Main.storyboard */; };
		6371E2D51B689F1800C8DBE8 /* Images.xcassets in Resources */ = {isa = PBXBuildFile; fileRef = 6371E2D41B689F1800C8DBE8 /* Images.xcassets */; };
		6371E2D81B689F1800C8DBE8 /* LaunchScreen.xib in Resources */ = {isa = PBXBuildFile; fileRef = 6371E2D61B689F1800C8DBE8 /* LaunchScreen.xib */; };
		6371E2E41B689F1800C8DBE8 /* WhatsCookingTests.swift in Sources */ = {isa = PBXBuildFile; fileRef = 6371E2E31B689F1800C8DBE8 /* WhatsCookingTests.swift */; };
/* End PBXBuildFile section */

/* Begin PBXContainerItemProxy section */
		6371E2DE1B689F1800C8DBE8 /* PBXContainerItemProxy */ = {
			isa = PBXContainerItemProxy;
			containerPortal = 6371E2BD1B689F1800C8DBE8 /* Project object */;
			proxyType = 1;
			remoteGlobalIDString = 6371E2C41B689F1800C8DBE8;
			remoteInfo = WhatsCooking;
		};
/* End PBXContainerItemProxy section */

/* Begin PBXFileReference section */
		6371E2C51B689F1800C8DBE8 /* WhatsCooking.app */ = {isa = PBXFileReference; explicitFileType = wrapper.application; includeInIndex = 0; path = WhatsCooking.app; sourceTree = BUILT_PRODUCTS_DIR; };
		6371E2C91B689F1800C8DBE8 /* Info.plist */ = {isa = PBXFileReference; lastKnownFileType = text.plist.xml; path = Info.plist; sourceTree = "<group>"; };
		6371E2CA1B689F1800C8DBE8 /* AppDelegate.swift */ = {isa = PBXFileReference; lastKnownFileType = sourcecode.swift; path = AppDelegate.swift; sourceTree = "<group>"; };
		6371E2CD1B689F1800C8DBE8 /* WhatsCooking.xcdatamodel */ = {isa = PBXFileReference; lastKnownFileType = wrapper.xcdatamodel; path = WhatsCooking.xcdatamodel; sourceTree = "<group>"; };
		6371E2CF1B689F1800C8DBE8 /* ViewController.swift */ = {isa = PBXFileReference; lastKnownFileType = sourcecode.swift; path = ViewController.swift; sourceTree = "<group>"; };
		6371E2D21B689F1800C8DBE8 /* Base */ = {isa = PBXFileReference; lastKnownFileType = file.storyboard; name = Base; path = Base.lproj/Main.storyboard; sourceTree = "<group>"; };
		6371E2D41B689F1800C8DBE8 /* Images.xcassets */ = {isa = PBXFileReference; lastKnownFileType = folder.assetcatalog; path = Images.xcassets; sourceTree = "<group>"; };
		6371E2D71B689F1800C8DBE8 /* Base */ = {isa = PBXFileReference; lastKnownFileType = file.xib; name = Base; path = Base.lproj/LaunchScreen.xib; sourceTree = "<group>"; };
		6371E2DD1B689F1800C8DBE8 /* WhatsCookingTests.xctest */ = {isa = PBXFileReference; explicitFileType = wrapper.cfbundle; includeInIndex = 0; path = WhatsCookingTests.xctest; sourceTree = BUILT_PRODUCTS_DIR; };
		6371E2E21B689F1800C8DBE8 /* Info.plist */ = {isa = PBXFileReference; lastKnownFileType = text.plist.xml; path = Info.plist; sourceTree = "<group>"; };
		6371E2E31B689F1800C8DBE8 /* WhatsCookingTests.swift */ = {isa = PBXFileReference; lastKnownFileType = sourcecode.swift; path = WhatsCookingTests.swift; sourceTree = "<group>"; };
/* End PBXFileReference section */

/* Begin PBXFrameworksBuildPhase section */
		6371E2C21B689F1800C8DBE8 /* Frameworks */ = {
			isa = PBXFrameworksBuildPhase;
			buildActionMask = 2147483647;
			files = (
			);
			runOnlyForDeploymentPostprocessing = 0;
		};
		6371E2DA1B689F1800C8DBE8 /* Frameworks */ = {
			isa = PBXFrameworksBuildPhase;
			buildActionMask = 2147483647;
			files = (
			);
			runOnlyForDeploymentPostprocessing = 0;
		};
/* End PBXFrameworksBuildPhase section */

/* Begin PBXGroup section */
		6371E2BC1B689F1800C8DBE8 = {
			isa = PBXGroup;
			children = (
				6371E2C71B689F1800C8DBE8 /* WhatsCooking */,
				6371E2E01B689F1800C8DBE8 /* WhatsCookingTests */,
				6371E2C61B689F1800C8DBE8 /* Products */,
			);
			sourceTree = "<group>";
		};
		6371E2C61B689F1800C8DBE8 /* Products */ = {
			isa = PBXGroup;
			children = (
				6371E2C51B689F1800C8DBE8 /* WhatsCooking.app */,
				6371E2DD1B689F1800C8DBE8 /* WhatsCookingTests.xctest */,
			);
			name = Products;
			sourceTree = "<group>";
		};
		6371E2C71B689F1800C8DBE8 /* WhatsCooking */ = {
			isa = PBXGroup;
			children = (
				6371E2CA1B689F1800C8DBE8 /* AppDelegate.swift */,
				6371E2CF1B689F1800C8DBE8 /* ViewController.swift */,
				6371E2D11B689F1800C8DBE8 /* Main.storyboard */,
				6371E2D41B689F1800C8DBE8 /* Images.xcassets */,
				6371E2D61B689F1800C8DBE8 /* LaunchScreen.xib */,
				6371E2CC1B689F1800C8DBE8 /* WhatsCooking.xcdatamodeld */,
				6371E2C81B689F1800C8DBE8 /* Supporting Files */,
			);
			path = WhatsCooking;
			sourceTree = "<group>";
		};
		6371E2C81B689F1800C8DBE8 /* Supporting Files */ = {
			isa = PBXGroup;
			children = (
				6371E2C91B689F1800C8DBE8 /* Info.plist */,
			);
			name = "Supporting Files";
			sourceTree = "<group>";
		};
		6371E2E01B689F1800C8DBE8 /* WhatsCookingTests */ = {
			isa = PBXGroup;
			children = (
				6371E2E31B689F1800C8DBE8 /* WhatsCookingTests.swift */,
				6371E2E11B689F1800C8DBE8 /* Supporting Files */,
			);
			path = WhatsCookingTests;
			sourceTree = "<group>";
		};
		6371E2E11B689F1800C8DBE8 /* Supporting Files */ = {
			isa = PBXGroup;
			children = (
				6371E2E21B689F1800C8DBE8 /* Info.plist */,
			);
			name = "Supporting Files";
			sourceTree = "<group>";
		};
/* End PBXGroup section */

/* Begin PBXNativeTarget section */
		6371E2C41B689F1800C8DBE8 /* WhatsCooking */ = {
			isa = PBXNativeTarget;
			buildConfigurationList = 6371E2E71B689F1800C8DBE8 /* Build configuration list for PBXNativeTarget "WhatsCooking" */;
			buildPhases = (
				6371E2C11B689F1800C8DBE8 /* Sources */,
				6371E2C21B689F1800C8DBE8 /* Frameworks */,
				6371E2C31B689F1800C8DBE8 /* Resources */,
			);
			buildRules = (
			);
			dependencies = (
			);
			name = WhatsCooking;
			productName = WhatsCooking;
			productReference = 6371E2C51B689F1800C8DBE8 /* WhatsCooking.app */;
			productType = "com.apple.product-type.application";
		};
		6371E2DC1B689F1800C8DBE8 /* WhatsCookingTests */ = {
			isa = PBXNativeTarget;
			buildConfigurationList = 6371E2EA1B689F1800C8DBE8 /* Build configuration list for PBXNativeTarget "WhatsCookingTests" */;
			buildPhases = (
				6371E2D91B689F1800C8DBE8 /* Sources */,
				6371E2DA1B689F1800C8DBE8 /* Frameworks */,
				6371E2DB1B689F1800C8DBE8 /* Resources */,
			);
			buildRules = (
			);
			dependencies = (
				6371E2DF1B689F1800C8DBE8 /* PBXTargetDependency */,
			);
			name = WhatsCookingTests;
			productName = WhatsCookingTests;
			productReference = 6371E2DD1B689F1800C8DBE8 /* WhatsCookingTests.xctest */;
			productType = "com.apple.product-type.bundle.unit-test";
		};
/* End PBXNativeTarget section */

/* Begin PBXProject section */
		6371E2BD1B689F1800C8DBE8 /* Project object */ = {
			isa = PBXProject;
			attributes = {
				LastUpgradeCheck = 0640;
				ORGANIZATIONNAME = GEBS;
				TargetAttributes = {
					6371E2C41B689F1800C8DBE8 = {
						CreatedOnToolsVersion = 6.4;
					};
					6371E2DC1B689F1800C8DBE8 = {
						CreatedOnToolsVersion = 6.4;
						TestTargetID = 6371E2C41B689F1800C8DBE8;
					};
				};
			};
			buildConfigurationList = 6371E2C01B689F1800C8DBE8 /* Build configuration list for PBXProject "WhatsCooking" */;
			compatibilityVersion = "Xcode 3.2";
			developmentRegion = English;
			hasScannedForEncodings = 0;
			knownRegions = (
				en,
				Base,
			);
			mainGroup = 6371E2BC1B689F1800C8DBE8;
			productRefGroup = 6371E2C61B689F1800C8DBE8 /* Products */;
			projectDirPath = "";
			projectRoot = "";
			targets = (
				6371E2C41B689F1800C8DBE8 /* WhatsCooking */,
				6371E2DC1B689F1800C8DBE8 /* WhatsCookingTests */,
			);
		};
/* End PBXProject section */

/* Begin PBXResourcesBuildPhase section */
		6371E2C31B689F1800C8DBE8 /* Resources */ = {
			isa = PBXResourcesBuildPhase;
			buildActionMask = 2147483647;
			files = (
				6371E2D31B689F1800C8DBE8 /* Main.storyboard in Resources */,
				6371E2D81B689F1800C8DBE8 /* LaunchScreen.xib in Resources */,
				6371E2D51B689F1800C8DBE8 /* Images.xcassets in Resources */,
			);
			runOnlyForDeploymentPostprocessing = 0;
		};
		6371E2DB1B689F1800C8DBE8 /* Resources */ = {
			isa = PBXResourcesBuildPhase;
			buildActionMask = 2147483647;
			files = (
			);
			runOnlyForDeploymentPostprocessing = 0;
		};
/* End PBXResourcesBuildPhase section */

/* Begin PBXSourcesBuildPhase section */
		6371E2C11B689F1800C8DBE8 /* Sources */ = {
			isa = PBXSourcesBuildPhase;
			buildActionMask = 2147483647;
			files = (
				6371E2D01B689F1800C8DBE8 /* ViewController.swift in Sources */,
				6371E2CE1B689F1800C8DBE8 /* WhatsCooking.xcdatamodeld in Sources */,
				6371E2CB1B689F1800C8DBE8 /* AppDelegate.swift in Sources */,
			);
			runOnlyForDeploymentPostprocessing = 0;
		};
		6371E2D91B689F1800C8DBE8 /* Sources */ = {
			isa = PBXSourcesBuildPhase;
			buildActionMask = 2147483647;
			files = (
				6371E2E41B689F1800C8DBE8 /* WhatsCookingTests.swift in Sources */,
			);
			runOnlyForDeploymentPostprocessing = 0;
		};
/* End PBXSourcesBuildPhase section */

/* Begin PBXTargetDependency section */
		6371E2DF1B689F1800C8DBE8 /* PBXTargetDependency */ = {
			isa = PBXTargetDependency;
			target = 6371E2C41B689F1800C8DBE8 /* WhatsCooking */;
			targetProxy = 6371E2DE1B689F1800C8DBE8 /* PBXContainerItemProxy */;
		};
/* End PBXTargetDependency section */

/* Begin PBXVariantGroup section */
		6371E2D11B689F1800C8DBE8 /* Main.storyboard */ = {
			isa = PBXVariantGroup;
			children = (
				6371E2D21B689F1800C8DBE8 /* Base */,
			);
			name = Main.storyboard;
			sourceTree = "<group>";
		};
		6371E2D61B689F1800C8DBE8 /* LaunchScreen.xib */ = {
			isa = PBXVariantGroup;
			children = (
				6371E2D71B689F1800C8DBE8 /* Base */,
			);
			name = LaunchScreen.xib;
			sourceTree = "<group>";
		};
/* End PBXVariantGroup section */

/* Begin XCBuildConfiguration section */
		6371E2E51B689F1800C8DBE8 /* Debug */ = {
			isa = XCBuildConfiguration;
			buildSettings = {
				ALWAYS_SEARCH_USER_PATHS = NO;
				CLANG_CXX_LANGUAGE_STANDARD = "gnu++0x";
				CLANG_CXX_LIBRARY = "libc++";
				CLANG_ENABLE_MODULES = YES;
				CLANG_ENABLE_OBJC_ARC = YES;
				CLANG_WARN_BOOL_CONVERSION = YES;
				CLANG_WARN_CONSTANT_CONVERSION = YES;
				CLANG_WARN_DIRECT_OBJC_ISA_USAGE = YES_ERROR;
				CLANG_WARN_EMPTY_BODY = YES;
				CLANG_WARN_ENUM_CONVERSION = YES;
				CLANG_WARN_INT_CONVERSION = YES;
				CLANG_WARN_OBJC_ROOT_CLASS = YES_ERROR;
				CLANG_WARN_UNREACHABLE_CODE = YES;
				CLANG_WARN__DUPLICATE_METHOD_MATCH = YES;
				"CODE_SIGN_IDENTITY[sdk=iphoneos*]" = "iPhone Developer";
				COPY_PHASE_STRIP = NO;
				DEBUG_INFORMATION_FORMAT = "dwarf-with-dsym";
				ENABLE_STRICT_OBJC_MSGSEND = YES;
				GCC_C_LANGUAGE_STANDARD = gnu99;
				GCC_DYNAMIC_NO_PIC = NO;
				GCC_NO_COMMON_BLOCKS = YES;
				GCC_OPTIMIZATION_LEVEL = 0;
				GCC_PREPROCESSOR_DEFINITIONS = (
					"DEBUG=1",
					"$(inherited)",
				);
				GCC_SYMBOLS_PRIVATE_EXTERN = NO;
				GCC_WARN_64_TO_32_BIT_CONVERSION = YES;
				GCC_WARN_ABOUT_RETURN_TYPE = YES_ERROR;
				GCC_WARN_UNDECLARED_SELECTOR = YES;
				GCC_WARN_UNINITIALIZED_AUTOS = YES_AGGRESSIVE;
				GCC_WARN_UNUSED_FUNCTION = YES;
				GCC_WARN_UNUSED_VARIABLE = YES;
				IPHONEOS_DEPLOYMENT_TARGET = 8.4;
				MTL_ENABLE_DEBUG_INFO = YES;
				ONLY_ACTIVE_ARCH = YES;
				SDKROOT = iphoneos;
				SWIFT_OPTIMIZATION_LEVEL = "-Onone";
			};
			name = Debug;
		};
		6371E2E61B689F1800C8DBE8 /* Release */ = {
			isa = XCBuildConfiguration;
			buildSettings = {
				ALWAYS_SEARCH_USER_PATHS = NO;
				CLANG_CXX_LANGUAGE_STANDARD = "gnu++0x";
				CLANG_CXX_LIBRARY = "libc++";
				CLANG_ENABLE_MODULES = YES;
				CLANG_ENABLE_OBJC_ARC = YES;
				CLANG_WARN_BOOL_CONVERSION = YES;
				CLANG_WARN_CONSTANT_CONVERSION = YES;
				CLANG_WARN_DIRECT_OBJC_ISA_USAGE = YES_ERROR;
				CLANG_WARN_EMPTY_BODY = YES;
				CLANG_WARN_ENUM_CONVERSION = YES;
				CLANG_WARN_INT_CONVERSION = YES;
				CLANG_WARN_OBJC_ROOT_CLASS = YES_ERROR;
				CLANG_WARN_UNREACHABLE_CODE = YES;
				CLANG_WARN__DUPLICATE_METHOD_MATCH = YES;
				"CODE_SIGN_IDENTITY[sdk=iphoneos*]" = "iPhone Developer";
				COPY_PHASE_STRIP = NO;
				DEBUG_INFORMATION_FORMAT = "dwarf-with-dsym";
				ENABLE_NS_ASSERTIONS = NO;
				ENABLE_STRICT_OBJC_MSGSEND = YES;
				GCC_C_LANGUAGE_STANDARD = gnu99;
				GCC_NO_COMMON_BLOCKS = YES;
				GCC_WARN_64_TO_32_BIT_CONVERSION = YES;
				GCC_WARN_ABOUT_RETURN_TYPE = YES_ERROR;
				GCC_WARN_UNDECLARED_SELECTOR = YES;
				GCC_WARN_UNINITIALIZED_AUTOS = YES_AGGRESSIVE;
				GCC_WARN_UNUSED_FUNCTION = YES;
				GCC_WARN_UNUSED_VARIABLE = YES;
				IPHONEOS_DEPLOYMENT_TARGET = 8.4;
				MTL_ENABLE_DEBUG_INFO = NO;
				SDKROOT = iphoneos;
				VALIDATE_PRODUCT = YES;
			};
			name = Release;
		};
		6371E2E81B689F1800C8DBE8 /* Debug */ = {
			isa = XCBuildConfiguration;
			buildSettings = {
				ASSETCATALOG_COMPILER_APPICON_NAME = AppIcon;
				INFOPLIST_FILE = WhatsCooking/Info.plist;
				LD_RUNPATH_SEARCH_PATHS = "$(inherited) @executable_path/Frameworks";
				PRODUCT_NAME = "$(TARGET_NAME)";
			};
			name = Debug;
		};
		6371E2E91B689F1800C8DBE8 /* Release */ = {
			isa = XCBuildConfiguration;
			buildSettings = {
				ASSETCATALOG_COMPILER_APPICON_NAME = AppIcon;
				INFOPLIST_FILE = WhatsCooking/Info.plist;
				LD_RUNPATH_SEARCH_PATHS = "$(inherited) @executable_path/Frameworks";
				PRODUCT_NAME = "$(TARGET_NAME)";
			};
			name = Release;
		};
		6371E2EB1B689F1800C8DBE8 /* Debug */ = {
			isa = XCBuildConfiguration;
			buildSettings = {
				BUNDLE_LOADER = "$(TEST_HOST)";
				FRAMEWORK_SEARCH_PATHS = (
					"$(SDKROOT)/Developer/Library/Frameworks",
					"$(inherited)",
				);
				GCC_PREPROCESSOR_DEFINITIONS = (
					"DEBUG=1",
					"$(inherited)",
				);
				INFOPLIST_FILE = WhatsCookingTests/Info.plist;
				LD_RUNPATH_SEARCH_PATHS = "$(inherited) @executable_path/Frameworks @loader_path/Frameworks";
				PRODUCT_NAME = "$(TARGET_NAME)";
				TEST_HOST = "$(BUILT_PRODUCTS_DIR)/WhatsCooking.app/WhatsCooking";
			};
			name = Debug;
		};
		6371E2EC1B689F1800C8DBE8 /* Release */ = {
			isa = XCBuildConfiguration;
			buildSettings = {
				BUNDLE_LOADER = "$(TEST_HOST)";
				FRAMEWORK_SEARCH_PATHS = (
					"$(SDKROOT)/Developer/Library/Frameworks",
					"$(inherited)",
				);
				INFOPLIST_FILE = WhatsCookingTests/Info.plist;
				LD_RUNPATH_SEARCH_PATHS = "$(inherited) @executable_path/Frameworks @loader_path/Frameworks";
				PRODUCT_NAME = "$(TARGET_NAME)";
				TEST_HOST = "$(BUILT_PRODUCTS_DIR)/WhatsCooking.app/WhatsCooking";
			};
			name = Release;
		};
/* End XCBuildConfiguration section */

/* Begin XCConfigurationList section */
		6371E2C01B689F1800C8DBE8 /* Build configuration list for PBXProject "WhatsCooking" */ = {
			isa = XCConfigurationList;
			buildConfigurations = (
				6371E2E51B689F1800C8DBE8 /* Debug */,
				6371E2E61B689F1800C8DBE8 /* Release */,
			);
			defaultConfigurationIsVisible = 0;
			defaultConfigurationName = Release;
		};
		6371E2E71B689F1800C8DBE8 /* Build configuration list for PBXNativeTarget "WhatsCooking" */ = {
			isa = XCConfigurationList;
			buildConfigurations = (
				6371E2E81B689F1800C8DBE8 /* Debug */,
				6371E2E91B689F1800C8DBE8 /* Release */,
			);
			defaultConfigurationIsVisible = 0;
		};
		6371E2EA1B689F1800C8DBE8 /* Build configuration list for PBXNativeTarget "WhatsCookingTests" */ = {
			isa = XCConfigurationList;
			buildConfigurations = (
				6371E2EB1B689F1800C8DBE8 /* Debug */,
				6371E2EC1B689F1800C8DBE8 /* Release */,
			);
			defaultConfigurationIsVisible = 0;
		};
/* End XCConfigurationList section */

/* Begin XCVersionGroup section */
		6371E2CC1B689F1800C8DBE8 /* WhatsCooking.xcdatamodeld */ = {
			isa = XCVersionGroup;
			children = (
				6371E2CD1B689F1800C8DBE8 /* WhatsCooking.xcdatamodel */,
			);
			currentVersion = 6371E2CD1B689F1800C8DBE8 /* WhatsCooking.xcdatamodel */;
			path = WhatsCooking.xcdatamodeld;
			sourceTree = "<group>";
			versionGroupType = wrapper.xcdatamodel;
		};
/* End XCVersionGroup section */
	};
	rootObject = 6371E2BD1B689F1800C8DBE8 /* Project object */;
}
